
Microsoft Visual Studio Solution File, Format Version 12.00
# Visual Studio Version 17
VisualStudioVersion = 17.5.33627.172
MinimumVisualStudioVersion = 10.0.40219.1
Project("{FAE04EC0-301F-11D3-BF4B-00C04F79EFBC}") = "IST_Password_app", "IST_Password_app\IST_Password_app.csproj", "{EAC4C767-4485-46DB-A2AB-E419E5228A56}"
EndProject
Global
	GlobalSection(SolutionConfigurationPlatforms) = preSolution
		Debug|Any CPU = Debug|Any CPU
		Release|Any CPU = Release|Any CPU
	EndGlobalSection
	GlobalSection(ProjectConfigurationPlatforms) = postSolution
		{EAC4C767-4485-46DB-A2AB-E419E5228A56}.Debug|Any CPU.ActiveCfg = Debug|Any CPU
		{EAC4C767-4485-46DB-A2AB-E419E5228A56}.Debug|Any CPU.Build.0 = Debug|Any CPU
		{EAC4C767-4485-46DB-A2AB-E419E5228A56}.Release|Any CPU.ActiveCfg = Release|Any CPU
		{EAC4C767-4485-46DB-A2AB-E419E5228A56}.Release|Any CPU.Build.0 = Release|Any CPU
	EndGlobalSection
	GlobalSection(SolutionProperties) = preSolution
		HideSolutionNode = FALSE
	EndGlobalSection
	GlobalSection(ExtensibilityGlobals) = postSolution
		SolutionGuid = {EE03CE71-39BE-47CC-8A05-C6F261C906AC}
	EndGlobalSection
EndGlobal
